// !$*UTF8*$!
{
	archiveVersion = 1;
	classes = {
	};
	objectVersion = 56;
	objects = {

/* Begin PBXBuildFile section */
		410C564C2C8D4CD000E91A0B /* ListExamples.swift in Sources */ = {isa = PBXBuildFile; fileRef = 410C564B2C8D4CD000E91A0B /* ListExamples.swift */; };
		410C564E2C8D684200E91A0B /* ListExample.mov in Resources */ = {isa = PBXBuildFile; fileRef = 410C564D2C8D684200E91A0B /* ListExample.mov */; };
		410C56522C8D787F00E91A0B /* AlertsExample.swift in Sources */ = {isa = PBXBuildFile; fileRef = 410C56512C8D787F00E91A0B /* AlertsExample.swift */; };
		410C56542C8D83DC00E91A0B /* AlertExamples.mp4 in Resources */ = {isa = PBXBuildFile; fileRef = 410C56532C8D83DC00E91A0B /* AlertExamples.mp4 */; };
		410C56582C8D99E600E91A0B /* ActionsSheetExample.swift in Sources */ = {isa = PBXBuildFile; fileRef = 410C56572C8D99E600E91A0B /* ActionsSheetExample.swift */; };
		410C565A2C8DB46300E91A0B /* ActionSheetsExample.mp4 in Resources */ = {isa = PBXBuildFile; fileRef = 410C56592C8DB46300E91A0B /* ActionSheetsExample.mp4 */; };
		410C565D2C8DB4D300E91A0B /* ActionSheet.png in Resources */ = {isa = PBXBuildFile; fileRef = 410C565C2C8DB4D300E91A0B /* ActionSheet.png */; };
		410C56602C8DD5F100E91A0B /* ContextMenuExample.swift in Sources */ = {isa = PBXBuildFile; fileRef = 410C565F2C8DD5F100E91A0B /* ContextMenuExample.swift */; };
		410C56622C8DDC7400E91A0B /* ContextMenuExample.gif in Resources */ = {isa = PBXBuildFile; fileRef = 410C56612C8DDC7400E91A0B /* ContextMenuExample.gif */; };
		410C56662C8DFF0600E91A0B /* TextFieldExamples.swift in Sources */ = {isa = PBXBuildFile; fileRef = 410C56652C8DFF0600E91A0B /* TextFieldExamples.swift */; };
		410C56682C8E0D4900E91A0B /* TextFieldExample.gif in Resources */ = {isa = PBXBuildFile; fileRef = 410C56672C8E0D4900E91A0B /* TextFieldExample.gif */; };
		4117E4612C91B58100E0FC55 /* ToggleExample.gif in Resources */ = {isa = PBXBuildFile; fileRef = 4117E4602C91B58100E0FC55 /* ToggleExample.gif */; };
		4128398A2C87618E00FAD373 /* ButtonsExample.swift in Sources */ = {isa = PBXBuildFile; fileRef = 412839892C87618E00FAD373 /* ButtonsExample.swift */; };
		4128398F2C8773BF00FAD373 /* ButtonExample.png in Resources */ = {isa = PBXBuildFile; fileRef = 4128398E2C8773BF00FAD373 /* ButtonExample.png */; };
		412B454F2C8057D400A12D17 /* BackgroundOverlayModifiers.png in Resources */ = {isa = PBXBuildFile; fileRef = 412B454E2C8057D400A12D17 /* BackgroundOverlayModifiers.png */; };
		412B45532C805D4700A12D17 /* ShadowExample.swift in Sources */ = {isa = PBXBuildFile; fileRef = 412B45522C805D4700A12D17 /* ShadowExample.swift */; };
		412B45552C8060DF00A12D17 /* ShadowExample.png in Resources */ = {isa = PBXBuildFile; fileRef = 412B45542C8060DF00A12D17 /* ShadowExample.png */; };
		4134E6862C7AFE4D00687CDF /* CustomTextView.swift in Sources */ = {isa = PBXBuildFile; fileRef = 4134E6852C7AFE4D00687CDF /* CustomTextView.swift */; };
		4134E6892C7B10E700687CDF /* CustomCircleShape.swift in Sources */ = {isa = PBXBuildFile; fileRef = 4134E6882C7B10E700687CDF /* CustomCircleShape.swift */; };
		4134E68B2C7B1D1700687CDF /* CustomEllipseShape.swift in Sources */ = {isa = PBXBuildFile; fileRef = 4134E68A2C7B1D1700687CDF /* CustomEllipseShape.swift */; };
		4134E68D2C7B22C000687CDF /* CustomRectangleShape.swift in Sources */ = {isa = PBXBuildFile; fileRef = 4134E68C2C7B22C000687CDF /* CustomRectangleShape.swift */; };
		4134E68F2C7B240F00687CDF /* CustomCapsuleShape.swift in Sources */ = {isa = PBXBuildFile; fileRef = 4134E68E2C7B240F00687CDF /* CustomCapsuleShape.swift */; };
		413871512C88B88000F83568 /* StatePropertyWrapperExample.swift in Sources */ = {isa = PBXBuildFile; fileRef = 413871502C88B88000F83568 /* StatePropertyWrapperExample.swift */; };
		413871532C88BCDC00F83568 /* StatePropertyWrapperExample.gif in Resources */ = {isa = PBXBuildFile; fileRef = 413871522C88BCDC00F83568 /* StatePropertyWrapperExample.gif */; };
		413871572C894AE700F83568 /* ExtractingSubviewsExample.swift in Sources */ = {isa = PBXBuildFile; fileRef = 413871562C894AE700F83568 /* ExtractingSubviewsExample.swift */; };
		413871592C89553400F83568 /* ExtractingSubviewsExample.png in Resources */ = {isa = PBXBuildFile; fileRef = 413871582C89553400F83568 /* ExtractingSubviewsExample.png */; };
		4138715D2C8957CF00F83568 /* BindingPropertyWrapperDemo.swift in Sources */ = {isa = PBXBuildFile; fileRef = 4138715C2C8957CF00F83568 /* BindingPropertyWrapperDemo.swift */; };
		4138715F2C895CED00F83568 /* BindingPropertyWrapperExample.gif in Resources */ = {isa = PBXBuildFile; fileRef = 4138715E2C895CED00F83568 /* BindingPropertyWrapperExample.gif */; };
		413871632C8962D100F83568 /* IfElseStateExample.swift in Sources */ = {isa = PBXBuildFile; fileRef = 413871622C8962D100F83568 /* IfElseStateExample.swift */; };
		413871672C89636200F83568 /* IfElseExample.gif in Resources */ = {isa = PBXBuildFile; fileRef = 413871662C89636200F83568 /* IfElseExample.gif */; };
		4138716B2C89653100F83568 /* TernaryOperatorExample.swift in Sources */ = {isa = PBXBuildFile; fileRef = 4138716A2C89653100F83568 /* TernaryOperatorExample.swift */; };
		4138716E2C8966AE00F83568 /* TernaryOperatorExample.gif in Resources */ = {isa = PBXBuildFile; fileRef = 4138716D2C8966AE00F83568 /* TernaryOperatorExample.gif */; };
		413871712C898D1200F83568 /* AnimationsExample.swift in Sources */ = {isa = PBXBuildFile; fileRef = 413871702C898D1200F83568 /* AnimationsExample.swift */; };
		413871732C89AA1100F83568 /* AnimationExampleUsingAnimationModifier.swift in Sources */ = {isa = PBXBuildFile; fileRef = 413871722C89AA1100F83568 /* AnimationExampleUsingAnimationModifier.swift */; };
		413CC86B2C90561B0077FAB3 /* TextEditorExample.swift in Sources */ = {isa = PBXBuildFile; fileRef = 413CC86A2C90561B0077FAB3 /* TextEditorExample.swift */; };
		413CC86E2C90BAA30077FAB3 /* TextEditorViewExample.gif in Resources */ = {isa = PBXBuildFile; fileRef = 413CC86D2C90BAA30077FAB3 /* TextEditorViewExample.gif */; };
		413CC8712C90BC000077FAB3 /* ToggleExample.swift in Sources */ = {isa = PBXBuildFile; fileRef = 413CC8702C90BC000077FAB3 /* ToggleExample.swift */; };
		4159A88E2C949BDB00529BBE /* StepperExamples.swift in Sources */ = {isa = PBXBuildFile; fileRef = 4159A88D2C949BDB00529BBE /* StepperExamples.swift */; };
		4159A8932C95941A00529BBE /* StepperViewExample.gif in Resources */ = {isa = PBXBuildFile; fileRef = 4159A8922C95941A00529BBE /* StepperViewExample.gif */; };
		416B57342C7B28CC005CC92D /* ColorsDemoView.swift in Sources */ = {isa = PBXBuildFile; fileRef = 416B57332C7B28CC005CC92D /* ColorsDemoView.swift */; };
		416B57372C7B3088005CC92D /* Color-LightMode.png in Resources */ = {isa = PBXBuildFile; fileRef = 416B57362C7B3088005CC92D /* Color-LightMode.png */; };
		416B57392C7B30A9005CC92D /* Color-DarkMode.png in Resources */ = {isa = PBXBuildFile; fileRef = 416B57382C7B30A9005CC92D /* Color-DarkMode.png */; };
		416B573C2C7B3EF7005CC92D /* GradientsDemo.swift in Sources */ = {isa = PBXBuildFile; fileRef = 416B573B2C7B3EF7005CC92D /* GradientsDemo.swift */; };
		416B573F2C7B509B005CC92D /* GradientColors.png in Resources */ = {isa = PBXBuildFile; fileRef = 416B573E2C7B509B005CC92D /* GradientColors.png */; };
		416B57422C7B5410005CC92D /* IconDemo.swift in Sources */ = {isa = PBXBuildFile; fileRef = 416B57412C7B5410005CC92D /* IconDemo.swift */; };
		416B57452C7B5896005CC92D /* SystemIcons.png in Resources */ = {isa = PBXBuildFile; fileRef = 416B57442C7B5896005CC92D /* SystemIcons.png */; };
		416B57492C7B5AE3005CC92D /* ImagesDemo.swift in Sources */ = {isa = PBXBuildFile; fileRef = 416B57482C7B5AE3005CC92D /* ImagesDemo.swift */; };
		416B574B2C7B6478005CC92D /* Images-demo.png in Resources */ = {isa = PBXBuildFile; fileRef = 416B574A2C7B6478005CC92D /* Images-demo.png */; };
		416E058D2C7A139700F92CE3 /* SwiftUI_BootcampApp.swift in Sources */ = {isa = PBXBuildFile; fileRef = 416E058C2C7A139700F92CE3 /* SwiftUI_BootcampApp.swift */; };
		416E058F2C7A139700F92CE3 /* ContentView.swift in Sources */ = {isa = PBXBuildFile; fileRef = 416E058E2C7A139700F92CE3 /* ContentView.swift */; };
		416E05912C7A139900F92CE3 /* Assets.xcassets in Resources */ = {isa = PBXBuildFile; fileRef = 416E05902C7A139900F92CE3 /* Assets.xcassets */; };
		416E05952C7A139900F92CE3 /* Preview Assets.xcassets in Resources */ = {isa = PBXBuildFile; fileRef = 416E05942C7A139900F92CE3 /* Preview Assets.xcassets */; };
		416FD2B02C80733F00EAE2BD /* StacksExample.swift in Sources */ = {isa = PBXBuildFile; fileRef = 416FD2AF2C80733F00EAE2BD /* StacksExample.swift */; };
		416FD2B32C808A0400EAE2BD /* StackExample.png in Resources */ = {isa = PBXBuildFile; fileRef = 416FD2B22C808A0400EAE2BD /* StackExample.png */; };
		416FD2B62C809CDF00EAE2BD /* PaddingExample.swift in Sources */ = {isa = PBXBuildFile; fileRef = 416FD2B52C809CDF00EAE2BD /* PaddingExample.swift */; };
		416FD2B92C80A73100EAE2BD /* PaddingExample.png in Resources */ = {isa = PBXBuildFile; fileRef = 416FD2B82C80A73100EAE2BD /* PaddingExample.png */; };
		416FD2BC2C81857C00EAE2BD /* SpacerExample.swift in Sources */ = {isa = PBXBuildFile; fileRef = 416FD2BB2C81857C00EAE2BD /* SpacerExample.swift */; };
		416FD2BE2C818C4B00EAE2BD /* SpacerExample.png in Resources */ = {isa = PBXBuildFile; fileRef = 416FD2BD2C818C4B00EAE2BD /* SpacerExample.png */; };
		416FD2C22C81AE8400EAE2BD /* InitAndEnumExample.swift in Sources */ = {isa = PBXBuildFile; fileRef = 416FD2C12C81AE8400EAE2BD /* InitAndEnumExample.swift */; };
		416FD2C52C81B24700EAE2BD /* InitAndEnumExample.png in Resources */ = {isa = PBXBuildFile; fileRef = 416FD2C42C81B24700EAE2BD /* InitAndEnumExample.png */; };
		416FD2C82C81B3E900EAE2BD /* ForEachLoopExample.swift in Sources */ = {isa = PBXBuildFile; fileRef = 416FD2C72C81B3E900EAE2BD /* ForEachLoopExample.swift */; };
		416FD2CB2C81D20000EAE2BD /* forEachLoopExample.png in Resources */ = {isa = PBXBuildFile; fileRef = 416FD2CA2C81D20000EAE2BD /* forEachLoopExample.png */; };
		416FD2CE2C81D52200EAE2BD /* ScrollViewDemo.swift in Sources */ = {isa = PBXBuildFile; fileRef = 416FD2CD2C81D52200EAE2BD /* ScrollViewDemo.swift */; };
		416FD2D02C81DBB000EAE2BD /* ScrollViewExample.png in Resources */ = {isa = PBXBuildFile; fileRef = 416FD2CF2C81DBB000EAE2BD /* ScrollViewExample.png */; };
		416FD2D42C81FA6700EAE2BD /* LazyStacksExample.swift in Sources */ = {isa = PBXBuildFile; fileRef = 416FD2D32C81FA6700EAE2BD /* LazyStacksExample.swift */; };
		416FD2D72C81FF1200EAE2BD /* LazyStackViews.png in Resources */ = {isa = PBXBuildFile; fileRef = 416FD2D62C81FF1200EAE2BD /* LazyStackViews.png */; };
		416FD2DA2C833A0700EAE2BD /* LazyGridsExample.swift in Sources */ = {isa = PBXBuildFile; fileRef = 416FD2D92C833A0700EAE2BD /* LazyGridsExample.swift */; };
		416FD2DC2C834E7200EAE2BD /* LazyGridsExample2.swift in Sources */ = {isa = PBXBuildFile; fileRef = 416FD2DB2C834E7200EAE2BD /* LazyGridsExample2.swift */; };
		416FD2E02C83534E00EAE2BD /* LazyGridsExample_1.png in Resources */ = {isa = PBXBuildFile; fileRef = 416FD2DE2C83534E00EAE2BD /* LazyGridsExample_1.png */; };
		416FD2E32C8354BE00EAE2BD /* LazyGridsViewPinnedHeaderExamples.gif in Resources */ = {isa = PBXBuildFile; fileRef = 416FD2E22C8354BE00EAE2BD /* LazyGridsViewPinnedHeaderExamples.gif */; };
		416FD2E62C83594200EAE2BD /* GridExample.swift in Sources */ = {isa = PBXBuildFile; fileRef = 416FD2E52C83594200EAE2BD /* GridExample.swift */; };
		416FD2E92C84A3F800EAE2BD /* GridExample.png in Resources */ = {isa = PBXBuildFile; fileRef = 416FD2E82C84A3F800EAE2BD /* GridExample.png */; };
		41845C0E2C8B62A100D31C16 /* AnimationCurvesExample.swift in Sources */ = {isa = PBXBuildFile; fileRef = 41845C0D2C8B62A100D31C16 /* AnimationCurvesExample.swift */; };
		41845C112C8B682300D31C16 /* AnimationCurveAnimation.mp4 in Resources */ = {isa = PBXBuildFile; fileRef = 41845C102C8B682300D31C16 /* AnimationCurveAnimation.mp4 */; };
		41845C142C8C59C700D31C16 /* TransitionExamples.swift in Sources */ = {isa = PBXBuildFile; fileRef = 41845C132C8C59C700D31C16 /* TransitionExamples.swift */; };
		41845C162C8C605A00D31C16 /* TransitionsExamples.gif in Resources */ = {isa = PBXBuildFile; fileRef = 41845C152C8C605900D31C16 /* TransitionsExamples.gif */; };
		41845C1A2C8C688600D31C16 /* SheetsAndFullscreenCoverExample.swift in Sources */ = {isa = PBXBuildFile; fileRef = 41845C192C8C688600D31C16 /* SheetsAndFullscreenCoverExample.swift */; };
		41845C1E2C8C72B000D31C16 /* SheetPresentation.gif in Resources */ = {isa = PBXBuildFile; fileRef = 41845C1C2C8C72B000D31C16 /* SheetPresentation.gif */; };
		41845C212C8C775400D31C16 /* FullScreenPresentationExample.gif in Resources */ = {isa = PBXBuildFile; fileRef = 41845C202C8C775400D31C16 /* FullScreenPresentationExample.gif */; };
		41845C242C8C9C4900D31C16 /* NavigationViewExample.swift in Sources */ = {isa = PBXBuildFile; fileRef = 41845C232C8C9C4900D31C16 /* NavigationViewExample.swift */; };
		41845C272C8CA69400D31C16 /* NavigationViewExample.gif in Resources */ = {isa = PBXBuildFile; fileRef = 41845C262C8CA69400D31C16 /* NavigationViewExample.gif */; };
		41845C292C8CA6A000D31C16 /* NavigationViewExample.mp4 in Resources */ = {isa = PBXBuildFile; fileRef = 41845C282C8CA6A000D31C16 /* NavigationViewExample.mp4 */; };
		41AFF7F32C80375800D9E9BE /* BackgroundOverlayModifiers.swift in Sources */ = {isa = PBXBuildFile; fileRef = 41AFF7F22C80375800D9E9BE /* BackgroundOverlayModifiers.swift */; };
		41C9B4D82C7E23A3004D6886 /* FrameDemo.swift in Sources */ = {isa = PBXBuildFile; fileRef = 41C9B4D72C7E23A3004D6886 /* FrameDemo.swift */; };
		41C9B4DB2C7E2794004D6886 /* FrameDemo.png in Resources */ = {isa = PBXBuildFile; fileRef = 41C9B4DA2C7E2794004D6886 /* FrameDemo.png */; };
		41E422D02C89E94E00A22D75 /* AnimationExample_1.mp4 in Resources */ = {isa = PBXBuildFile; fileRef = 41E422CE2C89E94E00A22D75 /* AnimationExample_1.mp4 */; };
		41E422D12C89E94E00A22D75 /* AnimationExample_2.mp4 in Resources */ = {isa = PBXBuildFile; fileRef = 41E422CF2C89E94E00A22D75 /* AnimationExample_2.mp4 */; };
		41F807CE2C933304007A867B /* PickerExamples.swift in Sources */ = {isa = PBXBuildFile; fileRef = 41F807CD2C933304007A867B /* PickerExamples.swift */; };
		41F807D12C93596E007A867B /* PickerExamples.gif in Resources */ = {isa = PBXBuildFile; fileRef = 41F807D02C93596D007A867B /* PickerExamples.gif */; };
		41F807D42C93603A007A867B /* DatePickerExample.swift in Sources */ = {isa = PBXBuildFile; fileRef = 41F807D32C93603A007A867B /* DatePickerExample.swift */; };
		41F807D72C9405E5007A867B /* DatePickerExample.gif in Resources */ = {isa = PBXBuildFile; fileRef = 41F807D62C9405E5007A867B /* DatePickerExample.gif */; };
		41FB30452C86049E00AF5B9C /* IgnoreSafeAreaExample.swift in Sources */ = {isa = PBXBuildFile; fileRef = 41FB30442C86049E00AF5B9C /* IgnoreSafeAreaExample.swift */; };
		41FB30482C8617F200AF5B9C /* DefaultBehaviour-WithSafeAreaInsets.gif in Resources */ = {isa = PBXBuildFile; fileRef = 41FB30462C8617F200AF5B9C /* DefaultBehaviour-WithSafeAreaInsets.gif */; };
		41FB30492C8617F200AF5B9C /* IgnoringSafeArea.gif in Resources */ = {isa = PBXBuildFile; fileRef = 41FB30472C8617F200AF5B9C /* IgnoringSafeArea.gif */; };
/* End PBXBuildFile section */

/* Begin PBXFileReference section */
		410C564B2C8D4CD000E91A0B /* ListExamples.swift */ = {isa = PBXFileReference; lastKnownFileType = sourcecode.swift; path = ListExamples.swift; sourceTree = "<group>"; };
		410C564D2C8D684200E91A0B /* ListExample.mov */ = {isa = PBXFileReference; lastKnownFileType = video.quicktime; path = ListExample.mov; sourceTree = "<group>"; };
		410C564F2C8D684F00E91A0B /* README.md */ = {isa = PBXFileReference; lastKnownFileType = net.daringfireball.markdown; path = README.md; sourceTree = "<group>"; };
		410C56512C8D787F00E91A0B /* AlertsExample.swift */ = {isa = PBXFileReference; lastKnownFileType = sourcecode.swift; path = AlertsExample.swift; sourceTree = "<group>"; };
		410C56532C8D83DC00E91A0B /* AlertExamples.mp4 */ = {isa = PBXFileReference; lastKnownFileType = file; path = AlertExamples.mp4; sourceTree = "<group>"; };
		410C56552C8D83E800E91A0B /* README.md */ = {isa = PBXFileReference; lastKnownFileType = net.daringfireball.markdown; path = README.md; sourceTree = "<group>"; };
		410C56572C8D99E600E91A0B /* ActionsSheetExample.swift */ = {isa = PBXFileReference; lastKnownFileType = sourcecode.swift; path = ActionsSheetExample.swift; sourceTree = "<group>"; };
		410C56592C8DB46300E91A0B /* ActionSheetsExample.mp4 */ = {isa = PBXFileReference; lastKnownFileType = file; path = ActionSheetsExample.mp4; sourceTree = "<group>"; };
		410C565B2C8DB47300E91A0B /* README.md */ = {isa = PBXFileReference; lastKnownFileType = net.daringfireball.markdown; path = README.md; sourceTree = "<group>"; };
		410C565C2C8DB4D300E91A0B /* ActionSheet.png */ = {isa = PBXFileReference; lastKnownFileType = image.png; path = ActionSheet.png; sourceTree = "<group>"; };
		410C565F2C8DD5F100E91A0B /* ContextMenuExample.swift */ = {isa = PBXFileReference; lastKnownFileType = sourcecode.swift; path = ContextMenuExample.swift; sourceTree = "<group>"; };
		410C56612C8DDC7400E91A0B /* ContextMenuExample.gif */ = {isa = PBXFileReference; lastKnownFileType = image.gif; path = ContextMenuExample.gif; sourceTree = "<group>"; };
		410C56632C8DDC7D00E91A0B /* README.md */ = {isa = PBXFileReference; lastKnownFileType = net.daringfireball.markdown; path = README.md; sourceTree = "<group>"; };
		410C56652C8DFF0600E91A0B /* TextFieldExamples.swift */ = {isa = PBXFileReference; lastKnownFileType = sourcecode.swift; path = TextFieldExamples.swift; sourceTree = "<group>"; };
		410C56672C8E0D4900E91A0B /* TextFieldExample.gif */ = {isa = PBXFileReference; lastKnownFileType = image.gif; path = TextFieldExample.gif; sourceTree = "<group>"; };
		410C56692C8E0D5900E91A0B /* README.md */ = {isa = PBXFileReference; lastKnownFileType = net.daringfireball.markdown; path = README.md; sourceTree = "<group>"; };
		4117E45F2C91B52D00E0FC55 /* README.md */ = {isa = PBXFileReference; lastKnownFileType = net.daringfireball.markdown; path = README.md; sourceTree = "<group>"; };
		4117E4602C91B58100E0FC55 /* ToggleExample.gif */ = {isa = PBXFileReference; lastKnownFileType = image.gif; path = ToggleExample.gif; sourceTree = "<group>"; };
		412839892C87618E00FAD373 /* ButtonsExample.swift */ = {isa = PBXFileReference; lastKnownFileType = sourcecode.swift; path = ButtonsExample.swift; sourceTree = "<group>"; };
		4128398B2C87713A00FAD373 /* README.md */ = {isa = PBXFileReference; lastKnownFileType = net.daringfireball.markdown; path = README.md; sourceTree = "<group>"; };
		4128398E2C8773BF00FAD373 /* ButtonExample.png */ = {isa = PBXFileReference; lastKnownFileType = image.png; path = ButtonExample.png; sourceTree = "<group>"; };
		412B454D2C80579400A12D17 /* README.md */ = {isa = PBXFileReference; lastKnownFileType = net.daringfireball.markdown; path = README.md; sourceTree = "<group>"; };
		412B454E2C8057D400A12D17 /* BackgroundOverlayModifiers.png */ = {isa = PBXFileReference; lastKnownFileType = image.png; path = BackgroundOverlayModifiers.png; sourceTree = "<group>"; };
		412B45512C805D3A00A12D17 /* README.md */ = {isa = PBXFileReference; lastKnownFileType = net.daringfireball.markdown; path = README.md; sourceTree = "<group>"; };
		412B45522C805D4700A12D17 /* ShadowExample.swift */ = {isa = PBXFileReference; lastKnownFileType = sourcecode.swift; path = ShadowExample.swift; sourceTree = "<group>"; };
		412B45542C8060DF00A12D17 /* ShadowExample.png */ = {isa = PBXFileReference; lastKnownFileType = image.png; path = ShadowExample.png; sourceTree = "<group>"; };
		4134E6852C7AFE4D00687CDF /* CustomTextView.swift */ = {isa = PBXFileReference; lastKnownFileType = sourcecode.swift; path = CustomTextView.swift; sourceTree = "<group>"; usesTabs = 0; };
		4134E6882C7B10E700687CDF /* CustomCircleShape.swift */ = {isa = PBXFileReference; lastKnownFileType = sourcecode.swift; path = CustomCircleShape.swift; sourceTree = "<group>"; };
		4134E68A2C7B1D1700687CDF /* CustomEllipseShape.swift */ = {isa = PBXFileReference; lastKnownFileType = sourcecode.swift; path = CustomEllipseShape.swift; sourceTree = "<group>"; };
		4134E68C2C7B22C000687CDF /* CustomRectangleShape.swift */ = {isa = PBXFileReference; lastKnownFileType = sourcecode.swift; path = CustomRectangleShape.swift; sourceTree = "<group>"; };
		4134E68E2C7B240F00687CDF /* CustomCapsuleShape.swift */ = {isa = PBXFileReference; lastKnownFileType = sourcecode.swift; path = CustomCapsuleShape.swift; sourceTree = "<group>"; };
		413871502C88B88000F83568 /* StatePropertyWrapperExample.swift */ = {isa = PBXFileReference; lastKnownFileType = sourcecode.swift; path = StatePropertyWrapperExample.swift; sourceTree = "<group>"; };
		413871522C88BCDC00F83568 /* StatePropertyWrapperExample.gif */ = {isa = PBXFileReference; lastKnownFileType = image.gif; path = StatePropertyWrapperExample.gif; sourceTree = "<group>"; };
		413871542C88BCE600F83568 /* README.md */ = {isa = PBXFileReference; lastKnownFileType = net.daringfireball.markdown; path = README.md; sourceTree = "<group>"; };
		413871562C894AE700F83568 /* ExtractingSubviewsExample.swift */ = {isa = PBXFileReference; lastKnownFileType = sourcecode.swift; path = ExtractingSubviewsExample.swift; sourceTree = "<group>"; };
		413871582C89553400F83568 /* ExtractingSubviewsExample.png */ = {isa = PBXFileReference; lastKnownFileType = image.png; path = ExtractingSubviewsExample.png; sourceTree = "<group>"; };
		4138715A2C89553F00F83568 /* README.md */ = {isa = PBXFileReference; lastKnownFileType = net.daringfireball.markdown; path = README.md; sourceTree = "<group>"; };
		4138715C2C8957CF00F83568 /* BindingPropertyWrapperDemo.swift */ = {isa = PBXFileReference; lastKnownFileType = sourcecode.swift; path = BindingPropertyWrapperDemo.swift; sourceTree = "<group>"; };
		4138715E2C895CED00F83568 /* BindingPropertyWrapperExample.gif */ = {isa = PBXFileReference; lastKnownFileType = image.gif; path = BindingPropertyWrapperExample.gif; sourceTree = "<group>"; };
		413871602C895CF700F83568 /* README.md */ = {isa = PBXFileReference; lastKnownFileType = net.daringfireball.markdown; path = README.md; sourceTree = "<group>"; };
		413871622C8962D100F83568 /* IfElseStateExample.swift */ = {isa = PBXFileReference; lastKnownFileType = sourcecode.swift; path = IfElseStateExample.swift; sourceTree = "<group>"; };
		413871662C89636200F83568 /* IfElseExample.gif */ = {isa = PBXFileReference; lastKnownFileType = image.gif; path = IfElseExample.gif; sourceTree = "<group>"; };
		413871682C89636C00F83568 /* README.md */ = {isa = PBXFileReference; lastKnownFileType = net.daringfireball.markdown; path = README.md; sourceTree = "<group>"; };
		4138716A2C89653100F83568 /* TernaryOperatorExample.swift */ = {isa = PBXFileReference; lastKnownFileType = sourcecode.swift; path = TernaryOperatorExample.swift; sourceTree = "<group>"; };
		4138716C2C89664600F83568 /* README.md */ = {isa = PBXFileReference; lastKnownFileType = net.daringfireball.markdown; path = README.md; sourceTree = "<group>"; };
		4138716D2C8966AE00F83568 /* TernaryOperatorExample.gif */ = {isa = PBXFileReference; lastKnownFileType = image.gif; path = TernaryOperatorExample.gif; sourceTree = "<group>"; };
		413871702C898D1200F83568 /* AnimationsExample.swift */ = {isa = PBXFileReference; lastKnownFileType = sourcecode.swift; path = AnimationsExample.swift; sourceTree = "<group>"; };
		413871722C89AA1100F83568 /* AnimationExampleUsingAnimationModifier.swift */ = {isa = PBXFileReference; lastKnownFileType = sourcecode.swift; path = AnimationExampleUsingAnimationModifier.swift; sourceTree = "<group>"; };
		413CC86A2C90561B0077FAB3 /* TextEditorExample.swift */ = {isa = PBXFileReference; lastKnownFileType = sourcecode.swift; path = TextEditorExample.swift; sourceTree = "<group>"; };
		413CC86C2C90BA2C0077FAB3 /* README.md */ = {isa = PBXFileReference; lastKnownFileType = net.daringfireball.markdown; path = README.md; sourceTree = "<group>"; };
		413CC86D2C90BAA30077FAB3 /* TextEditorViewExample.gif */ = {isa = PBXFileReference; lastKnownFileType = image.gif; path = TextEditorViewExample.gif; sourceTree = "<group>"; };
		413CC8702C90BC000077FAB3 /* ToggleExample.swift */ = {isa = PBXFileReference; lastKnownFileType = sourcecode.swift; path = ToggleExample.swift; sourceTree = "<group>"; };
		4159A88D2C949BDB00529BBE /* StepperExamples.swift */ = {isa = PBXFileReference; lastKnownFileType = sourcecode.swift; path = StepperExamples.swift; sourceTree = "<group>"; };
		4159A88F2C9590CB00529BBE /* README.md */ = {isa = PBXFileReference; lastKnownFileType = net.daringfireball.markdown; path = README.md; sourceTree = "<group>"; };
		4159A8922C95941A00529BBE /* StepperViewExample.gif */ = {isa = PBXFileReference; lastKnownFileType = image.gif; path = StepperViewExample.gif; sourceTree = "<group>"; };
		416B57332C7B28CC005CC92D /* ColorsDemoView.swift */ = {isa = PBXFileReference; lastKnownFileType = sourcecode.swift; path = ColorsDemoView.swift; sourceTree = "<group>"; };
		416B57352C7B2E8B005CC92D /* README.md */ = {isa = PBXFileReference; lastKnownFileType = net.daringfireball.markdown; path = README.md; sourceTree = "<group>"; };
		416B57362C7B3088005CC92D /* Color-LightMode.png */ = {isa = PBXFileReference; lastKnownFileType = image.png; path = "Color-LightMode.png"; sourceTree = "<group>"; };
		416B57382C7B30A9005CC92D /* Color-DarkMode.png */ = {isa = PBXFileReference; lastKnownFileType = image.png; path = "Color-DarkMode.png"; sourceTree = "<group>"; };
		416B573B2C7B3EF7005CC92D /* GradientsDemo.swift */ = {isa = PBXFileReference; lastKnownFileType = sourcecode.swift; path = GradientsDemo.swift; sourceTree = "<group>"; };
		416B573D2C7B5057005CC92D /* README.md */ = {isa = PBXFileReference; lastKnownFileType = net.daringfireball.markdown; path = README.md; sourceTree = "<group>"; };
		416B573E2C7B509B005CC92D /* GradientColors.png */ = {isa = PBXFileReference; lastKnownFileType = image.png; path = GradientColors.png; sourceTree = "<group>"; };
		416B57412C7B5410005CC92D /* IconDemo.swift */ = {isa = PBXFileReference; lastKnownFileType = sourcecode.swift; path = IconDemo.swift; sourceTree = "<group>"; };
		416B57432C7B5873005CC92D /* README.md */ = {isa = PBXFileReference; lastKnownFileType = net.daringfireball.markdown; path = README.md; sourceTree = "<group>"; };
		416B57442C7B5896005CC92D /* SystemIcons.png */ = {isa = PBXFileReference; lastKnownFileType = image.png; path = SystemIcons.png; sourceTree = "<group>"; };
		416B57472C7B5AB2005CC92D /* README.md */ = {isa = PBXFileReference; lastKnownFileType = net.daringfireball.markdown; path = README.md; sourceTree = "<group>"; };
		416B57482C7B5AE3005CC92D /* ImagesDemo.swift */ = {isa = PBXFileReference; lastKnownFileType = sourcecode.swift; path = ImagesDemo.swift; sourceTree = "<group>"; };
		416B574A2C7B6478005CC92D /* Images-demo.png */ = {isa = PBXFileReference; lastKnownFileType = image.png; path = "Images-demo.png"; sourceTree = "<group>"; };
		416E05892C7A139700F92CE3 /* SwiftUI-Bootcamp.app */ = {isa = PBXFileReference; explicitFileType = wrapper.application; includeInIndex = 0; path = "SwiftUI-Bootcamp.app"; sourceTree = BUILT_PRODUCTS_DIR; };
		416E058C2C7A139700F92CE3 /* SwiftUI_BootcampApp.swift */ = {isa = PBXFileReference; lastKnownFileType = sourcecode.swift; path = SwiftUI_BootcampApp.swift; sourceTree = "<group>"; };
		416E058E2C7A139700F92CE3 /* ContentView.swift */ = {isa = PBXFileReference; lastKnownFileType = sourcecode.swift; path = ContentView.swift; sourceTree = "<group>"; };
		416E05902C7A139900F92CE3 /* Assets.xcassets */ = {isa = PBXFileReference; lastKnownFileType = folder.assetcatalog; path = Assets.xcassets; sourceTree = "<group>"; };
		416E05922C7A139900F92CE3 /* SwiftUI_Bootcamp.entitlements */ = {isa = PBXFileReference; lastKnownFileType = text.plist.entitlements; path = SwiftUI_Bootcamp.entitlements; sourceTree = "<group>"; };
		416E05942C7A139900F92CE3 /* Preview Assets.xcassets */ = {isa = PBXFileReference; lastKnownFileType = folder.assetcatalog; path = "Preview Assets.xcassets"; sourceTree = "<group>"; };
		416FD2AF2C80733F00EAE2BD /* StacksExample.swift */ = {isa = PBXFileReference; lastKnownFileType = sourcecode.swift; path = StacksExample.swift; sourceTree = "<group>"; };
		416FD2B12C80897C00EAE2BD /* README.md */ = {isa = PBXFileReference; lastKnownFileType = net.daringfireball.markdown; path = README.md; sourceTree = "<group>"; };
		416FD2B22C808A0400EAE2BD /* StackExample.png */ = {isa = PBXFileReference; lastKnownFileType = image.png; path = StackExample.png; sourceTree = "<group>"; };
		416FD2B52C809CDF00EAE2BD /* PaddingExample.swift */ = {isa = PBXFileReference; lastKnownFileType = sourcecode.swift; path = PaddingExample.swift; sourceTree = "<group>"; };
		416FD2B72C80A6BA00EAE2BD /* README.md */ = {isa = PBXFileReference; lastKnownFileType = net.daringfireball.markdown; path = README.md; sourceTree = "<group>"; };
		416FD2B82C80A73100EAE2BD /* PaddingExample.png */ = {isa = PBXFileReference; lastKnownFileType = image.png; path = PaddingExample.png; sourceTree = "<group>"; };
		416FD2BB2C81857C00EAE2BD /* SpacerExample.swift */ = {isa = PBXFileReference; lastKnownFileType = sourcecode.swift; path = SpacerExample.swift; sourceTree = "<group>"; };
		416FD2BD2C818C4B00EAE2BD /* SpacerExample.png */ = {isa = PBXFileReference; lastKnownFileType = image.png; path = SpacerExample.png; sourceTree = "<group>"; };
		416FD2BF2C818C6200EAE2BD /* README.md */ = {isa = PBXFileReference; lastKnownFileType = net.daringfireball.markdown; path = README.md; sourceTree = "<group>"; };
		416FD2C12C81AE8400EAE2BD /* InitAndEnumExample.swift */ = {isa = PBXFileReference; lastKnownFileType = sourcecode.swift; path = InitAndEnumExample.swift; sourceTree = "<group>"; };
		416FD2C32C81B21800EAE2BD /* README.md */ = {isa = PBXFileReference; lastKnownFileType = net.daringfireball.markdown; path = README.md; sourceTree = "<group>"; };
		416FD2C42C81B24700EAE2BD /* InitAndEnumExample.png */ = {isa = PBXFileReference; lastKnownFileType = image.png; path = InitAndEnumExample.png; sourceTree = "<group>"; };
		416FD2C72C81B3E900EAE2BD /* ForEachLoopExample.swift */ = {isa = PBXFileReference; lastKnownFileType = sourcecode.swift; path = ForEachLoopExample.swift; sourceTree = "<group>"; };
		416FD2C92C81D1DD00EAE2BD /* README.md */ = {isa = PBXFileReference; lastKnownFileType = net.daringfireball.markdown; path = README.md; sourceTree = "<group>"; };
		416FD2CA2C81D20000EAE2BD /* forEachLoopExample.png */ = {isa = PBXFileReference; lastKnownFileType = image.png; path = forEachLoopExample.png; sourceTree = "<group>"; };
		416FD2CD2C81D52200EAE2BD /* ScrollViewDemo.swift */ = {isa = PBXFileReference; lastKnownFileType = sourcecode.swift; path = ScrollViewDemo.swift; sourceTree = "<group>"; };
		416FD2CF2C81DBB000EAE2BD /* ScrollViewExample.png */ = {isa = PBXFileReference; lastKnownFileType = image.png; path = ScrollViewExample.png; sourceTree = "<group>"; };
		416FD2D12C81DBCB00EAE2BD /* README.md */ = {isa = PBXFileReference; lastKnownFileType = net.daringfireball.markdown; path = README.md; sourceTree = "<group>"; };
		416FD2D32C81FA6700EAE2BD /* LazyStacksExample.swift */ = {isa = PBXFileReference; lastKnownFileType = sourcecode.swift; path = LazyStacksExample.swift; sourceTree = "<group>"; };
		416FD2D52C81FEF100EAE2BD /* README.md */ = {isa = PBXFileReference; lastKnownFileType = net.daringfireball.markdown; path = README.md; sourceTree = "<group>"; };
		416FD2D62C81FF1200EAE2BD /* LazyStackViews.png */ = {isa = PBXFileReference; lastKnownFileType = image.png; path = LazyStackViews.png; sourceTree = "<group>"; };
		416FD2D92C833A0700EAE2BD /* LazyGridsExample.swift */ = {isa = PBXFileReference; lastKnownFileType = sourcecode.swift; path = LazyGridsExample.swift; sourceTree = "<group>"; };
		416FD2DB2C834E7200EAE2BD /* LazyGridsExample2.swift */ = {isa = PBXFileReference; lastKnownFileType = sourcecode.swift; path = LazyGridsExample2.swift; sourceTree = "<group>"; };
		416FD2DD2C83526000EAE2BD /* README.md */ = {isa = PBXFileReference; lastKnownFileType = net.daringfireball.markdown; path = README.md; sourceTree = "<group>"; };
		416FD2DE2C83534E00EAE2BD /* LazyGridsExample_1.png */ = {isa = PBXFileReference; lastKnownFileType = image.png; path = LazyGridsExample_1.png; sourceTree = "<group>"; };
		416FD2E22C8354BE00EAE2BD /* LazyGridsViewPinnedHeaderExamples.gif */ = {isa = PBXFileReference; lastKnownFileType = image.gif; path = LazyGridsViewPinnedHeaderExamples.gif; sourceTree = "<group>"; };
		416FD2E52C83594200EAE2BD /* GridExample.swift */ = {isa = PBXFileReference; lastKnownFileType = sourcecode.swift; path = GridExample.swift; sourceTree = "<group>"; };
		416FD2E72C84A3D000EAE2BD /* README.md */ = {isa = PBXFileReference; lastKnownFileType = net.daringfireball.markdown; path = README.md; sourceTree = "<group>"; };
		416FD2E82C84A3F800EAE2BD /* GridExample.png */ = {isa = PBXFileReference; lastKnownFileType = image.png; path = GridExample.png; sourceTree = "<group>"; };
		41845C0D2C8B62A100D31C16 /* AnimationCurvesExample.swift */ = {isa = PBXFileReference; lastKnownFileType = sourcecode.swift; path = AnimationCurvesExample.swift; sourceTree = "<group>"; };
		41845C0F2C8B679E00D31C16 /* README.md */ = {isa = PBXFileReference; lastKnownFileType = net.daringfireball.markdown; path = README.md; sourceTree = "<group>"; };
		41845C102C8B682300D31C16 /* AnimationCurveAnimation.mp4 */ = {isa = PBXFileReference; lastKnownFileType = file; path = AnimationCurveAnimation.mp4; sourceTree = "<group>"; };
		41845C132C8C59C700D31C16 /* TransitionExamples.swift */ = {isa = PBXFileReference; lastKnownFileType = sourcecode.swift; path = TransitionExamples.swift; sourceTree = "<group>"; };
		41845C152C8C605900D31C16 /* TransitionsExamples.gif */ = {isa = PBXFileReference; lastKnownFileType = image.gif; path = TransitionsExamples.gif; sourceTree = "<group>"; };
		41845C172C8C606500D31C16 /* README.md */ = {isa = PBXFileReference; lastKnownFileType = net.daringfireball.markdown; path = README.md; sourceTree = "<group>"; };
		41845C192C8C688600D31C16 /* SheetsAndFullscreenCoverExample.swift */ = {isa = PBXFileReference; lastKnownFileType = sourcecode.swift; path = SheetsAndFullscreenCoverExample.swift; sourceTree = "<group>"; };
		41845C1C2C8C72B000D31C16 /* SheetPresentation.gif */ = {isa = PBXFileReference; lastKnownFileType = image.gif; path = SheetPresentation.gif; sourceTree = "<group>"; };
		41845C1F2C8C72D200D31C16 /* README.md */ = {isa = PBXFileReference; lastKnownFileType = net.daringfireball.markdown; path = README.md; sourceTree = "<group>"; };
		41845C202C8C775400D31C16 /* FullScreenPresentationExample.gif */ = {isa = PBXFileReference; lastKnownFileType = image.gif; path = FullScreenPresentationExample.gif; sourceTree = "<group>"; };
		41845C232C8C9C4900D31C16 /* NavigationViewExample.swift */ = {isa = PBXFileReference; lastKnownFileType = sourcecode.swift; path = NavigationViewExample.swift; sourceTree = "<group>"; };
		41845C252C8C9C5900D31C16 /* README.md */ = {isa = PBXFileReference; lastKnownFileType = net.daringfireball.markdown; path = README.md; sourceTree = "<group>"; };
		41845C262C8CA69400D31C16 /* NavigationViewExample.gif */ = {isa = PBXFileReference; lastKnownFileType = image.gif; path = NavigationViewExample.gif; sourceTree = "<group>"; };
		41845C282C8CA6A000D31C16 /* NavigationViewExample.mp4 */ = {isa = PBXFileReference; lastKnownFileType = file; path = NavigationViewExample.mp4; sourceTree = "<group>"; };
		41AFF7F22C80375800D9E9BE /* BackgroundOverlayModifiers.swift */ = {isa = PBXFileReference; lastKnownFileType = sourcecode.swift; path = BackgroundOverlayModifiers.swift; sourceTree = "<group>"; };
		41C9B4D72C7E23A3004D6886 /* FrameDemo.swift */ = {isa = PBXFileReference; lastKnownFileType = sourcecode.swift; path = FrameDemo.swift; sourceTree = "<group>"; };
		41C9B4D92C7E2779004D6886 /* README.md */ = {isa = PBXFileReference; lastKnownFileType = net.daringfireball.markdown; path = README.md; sourceTree = "<group>"; };
		41C9B4DA2C7E2794004D6886 /* FrameDemo.png */ = {isa = PBXFileReference; lastKnownFileType = image.png; path = FrameDemo.png; sourceTree = "<group>"; };
		41E422CE2C89E94E00A22D75 /* AnimationExample_1.mp4 */ = {isa = PBXFileReference; lastKnownFileType = file; path = AnimationExample_1.mp4; sourceTree = "<group>"; };
		41E422CF2C89E94E00A22D75 /* AnimationExample_2.mp4 */ = {isa = PBXFileReference; lastKnownFileType = file; path = AnimationExample_2.mp4; sourceTree = "<group>"; };
		41E422D22C89E95A00A22D75 /* README.md */ = {isa = PBXFileReference; lastKnownFileType = net.daringfireball.markdown; path = README.md; sourceTree = "<group>"; };
		41F807CD2C933304007A867B /* PickerExamples.swift */ = {isa = PBXFileReference; lastKnownFileType = sourcecode.swift; path = PickerExamples.swift; sourceTree = "<group>"; };
		41F807CF2C93592C007A867B /* README.md */ = {isa = PBXFileReference; lastKnownFileType = net.daringfireball.markdown; path = README.md; sourceTree = "<group>"; };
		41F807D02C93596D007A867B /* PickerExamples.gif */ = {isa = PBXFileReference; lastKnownFileType = image.gif; path = PickerExamples.gif; sourceTree = "<group>"; };
		41F807D32C93603A007A867B /* DatePickerExample.swift */ = {isa = PBXFileReference; lastKnownFileType = sourcecode.swift; path = DatePickerExample.swift; sourceTree = "<group>"; };
		41F807D52C940596007A867B /* README.md */ = {isa = PBXFileReference; lastKnownFileType = net.daringfireball.markdown; path = README.md; sourceTree = "<group>"; };
		41F807D62C9405E5007A867B /* DatePickerExample.gif */ = {isa = PBXFileReference; lastKnownFileType = image.gif; path = DatePickerExample.gif; sourceTree = "<group>"; };
		41FB30442C86049E00AF5B9C /* IgnoreSafeAreaExample.swift */ = {isa = PBXFileReference; lastKnownFileType = sourcecode.swift; path = IgnoreSafeAreaExample.swift; sourceTree = "<group>"; };
		41FB30462C8617F200AF5B9C /* DefaultBehaviour-WithSafeAreaInsets.gif */ = {isa = PBXFileReference; lastKnownFileType = image.gif; path = "DefaultBehaviour-WithSafeAreaInsets.gif"; sourceTree = "<group>"; };
		41FB30472C8617F200AF5B9C /* IgnoringSafeArea.gif */ = {isa = PBXFileReference; lastKnownFileType = image.gif; path = IgnoringSafeArea.gif; sourceTree = "<group>"; };
		41FB304A2C8617FF00AF5B9C /* README.md */ = {isa = PBXFileReference; lastKnownFileType = net.daringfireball.markdown; path = README.md; sourceTree = "<group>"; };
/* End PBXFileReference section */

/* Begin PBXFrameworksBuildPhase section */
		416E05862C7A139700F92CE3 /* Frameworks */ = {
			isa = PBXFrameworksBuildPhase;
			buildActionMask = 2147483647;
			files = (
			);
			runOnlyForDeploymentPostprocessing = 0;
		};
/* End PBXFrameworksBuildPhase section */

/* Begin PBXGroup section */
		410C564A2C8D4CBB00E91A0B /* Chapter_31_ListExample */ = {
			isa = PBXGroup;
			children = (
				410C564D2C8D684200E91A0B /* ListExample.mov */,
				410C564B2C8D4CD000E91A0B /* ListExamples.swift */,
				410C564F2C8D684F00E91A0B /* README.md */,
			);
			path = Chapter_31_ListExample;
			sourceTree = "<group>";
		};
		410C56502C8D784600E91A0B /* Chapter_32_AlertsExample */ = {
			isa = PBXGroup;
			children = (
				410C56532C8D83DC00E91A0B /* AlertExamples.mp4 */,
				410C56512C8D787F00E91A0B /* AlertsExample.swift */,
				410C56552C8D83E800E91A0B /* README.md */,
			);
			path = Chapter_32_AlertsExample;
			sourceTree = "<group>";
		};
		410C56562C8D99CA00E91A0B /* Chapter_33_ActionSheets */ = {
			isa = PBXGroup;
			children = (
				410C565C2C8DB4D300E91A0B /* ActionSheet.png */,
				410C56592C8DB46300E91A0B /* ActionSheetsExample.mp4 */,
				410C56572C8D99E600E91A0B /* ActionsSheetExample.swift */,
				410C565B2C8DB47300E91A0B /* README.md */,
			);
			path = Chapter_33_ActionSheets;
			sourceTree = "<group>";
		};
		410C565E2C8DD5BD00E91A0B /* Chapter_34_ContextMenu */ = {
			isa = PBXGroup;
			children = (
				410C56612C8DDC7400E91A0B /* ContextMenuExample.gif */,
				410C565F2C8DD5F100E91A0B /* ContextMenuExample.swift */,
				410C56632C8DDC7D00E91A0B /* README.md */,
			);
			path = Chapter_34_ContextMenu;
			sourceTree = "<group>";
		};
		410C56642C8DFEEE00E91A0B /* Chapter_35_TextFieldExample */ = {
			isa = PBXGroup;
			children = (
				410C56672C8E0D4900E91A0B /* TextFieldExample.gif */,
				410C56652C8DFF0600E91A0B /* TextFieldExamples.swift */,
				410C56692C8E0D5900E91A0B /* README.md */,
			);
			path = Chapter_35_TextFieldExample;
			sourceTree = "<group>";
		};
		412839882C87617700FAD373 /* Chapter_20_Buttons */ = {
			isa = PBXGroup;
			children = (
				4128398E2C8773BF00FAD373 /* ButtonExample.png */,
				412839892C87618E00FAD373 /* ButtonsExample.swift */,
				4128398B2C87713A00FAD373 /* README.md */,
			);
			path = Chapter_20_Buttons;
			sourceTree = "<group>";
		};
		412B45502C805D1000A12D17 /* Chapter_09_Shadow */ = {
			isa = PBXGroup;
			children = (
				412B45542C8060DF00A12D17 /* ShadowExample.png */,
				412B45512C805D3A00A12D17 /* README.md */,
				412B45522C805D4700A12D17 /* ShadowExample.swift */,
			);
			path = Chapter_09_Shadow;
			sourceTree = "<group>";
		};
		4134E6832C7AFD9A00687CDF /* BeginnerLevel */ = {
			isa = PBXGroup;
			children = (
				4134E6842C7AFDCB00687CDF /* Chapter_01 */,
				4134E6872C7B10AE00687CDF /* Chapter_02 */,
				416B57322C7B28AE005CC92D /* Chapter_03 */,
				416B573A2C7B3451005CC92D /* Chapter_04 */,
				416B57402C7B53E7005CC92D /* Chapter_05 */,
				416B57462C7B5A9B005CC92D /* Chapter_06 */,
				41C9B4D62C7E2390004D6886 /* Chapter_07 */,
				41AFF7F12C80373900D9E9BE /* Chapter_08 */,
				412B45502C805D1000A12D17 /* Chapter_09_Shadow */,
				416FD2AE2C80731A00EAE2BD /* Chapter_10_Stacks */,
				416FD2B42C809B7000EAE2BD /* Chapter_11_Padding */,
				416FD2BA2C81856000EAE2BD /* Chapter_12_Spacer */,
				416FD2C02C81AE5800EAE2BD /* Chapter_13_InitAndEnums */,
				416FD2C62C81B39300EAE2BD /* Chapter_14_ForEachLoop */,
				416FD2CC2C81D50E00EAE2BD /* Chapter_15_ScrollView */,
				416FD2D22C81FA5200EAE2BD /* Chapter_16_LazyStacks */,
				416FD2D82C8339E600EAE2BD /* Chapter_17_LazyGrids */,
				416FD2E42C83592F00EAE2BD /* Chapter_18_Grids */,
				41FB30432C86047400AF5B9C /* Chapter_19_ignoreSafeArea */,
				412839882C87617700FAD373 /* Chapter_20_Buttons */,
				4138714F2C88B83900F83568 /* Chapter_21_StatePropertyWrapper */,
				413871552C894AC600F83568 /* Chapter_22_ExtractingSubViews */,
				4138715B2C8957AA00F83568 /* Chapter_23_BindingPropertyWrapper */,
				413871612C8962BC00F83568 /* Chapter_24_IfElseExample */,
				413871692C89651800F83568 /* Chapter_25_TernaryOperator */,
				4138716F2C898B4300F83568 /* Chapter_26_Animations */,
				41845C0C2C8B628600D31C16 /* Chapter_27_AnimationCurves */,
				41845C122C8C597700D31C16 /* Chapter_28_TransitionExamples */,
				41845C182C8C685D00D31C16 /* Chapter_29_SheetsAndFullscreenCover */,
				41845C222C8C9BF100D31C16 /* Chapter_30_NavigationViewExample */,
				410C564A2C8D4CBB00E91A0B /* Chapter_31_ListExample */,
				410C56502C8D784600E91A0B /* Chapter_32_AlertsExample */,
				410C56562C8D99CA00E91A0B /* Chapter_33_ActionSheets */,
				410C565E2C8DD5BD00E91A0B /* Chapter_34_ContextMenu */,
				410C56642C8DFEEE00E91A0B /* Chapter_35_TextFieldExample */,
				413CC8692C9055F70077FAB3 /* Chapter_36_TextEditor */,
				413CC86F2C90BBE70077FAB3 /* Chapter_37_Toggle */,
				41F807CC2C9332A8007A867B /* Chapter_38_Picker */,
				41F807D22C936020007A867B /* Chapter_39_DatePicker */,
				4159A88C2C949BC600529BBE /* Chapter_40_Stepper */,
			);
			path = BeginnerLevel;
			sourceTree = "<group>";
		};
		4134E6842C7AFDCB00687CDF /* Chapter_01 */ = {
			isa = PBXGroup;
			children = (
				4134E6852C7AFE4D00687CDF /* CustomTextView.swift */,
			);
			path = Chapter_01;
			sourceTree = "<group>";
		};
		4134E6872C7B10AE00687CDF /* Chapter_02 */ = {
			isa = PBXGroup;
			children = (
				4134E6882C7B10E700687CDF /* CustomCircleShape.swift */,
				4134E68A2C7B1D1700687CDF /* CustomEllipseShape.swift */,
				4134E68C2C7B22C000687CDF /* CustomRectangleShape.swift */,
				4134E68E2C7B240F00687CDF /* CustomCapsuleShape.swift */,
			);
			path = Chapter_02;
			sourceTree = "<group>";
		};
		4138714F2C88B83900F83568 /* Chapter_21_StatePropertyWrapper */ = {
			isa = PBXGroup;
			children = (
				413871522C88BCDC00F83568 /* StatePropertyWrapperExample.gif */,
				413871502C88B88000F83568 /* StatePropertyWrapperExample.swift */,
				413871542C88BCE600F83568 /* README.md */,
			);
			path = Chapter_21_StatePropertyWrapper;
			sourceTree = "<group>";
		};
		413871552C894AC600F83568 /* Chapter_22_ExtractingSubViews */ = {
			isa = PBXGroup;
			children = (
				413871582C89553400F83568 /* ExtractingSubviewsExample.png */,
				413871562C894AE700F83568 /* ExtractingSubviewsExample.swift */,
				4138715A2C89553F00F83568 /* README.md */,
			);
			path = Chapter_22_ExtractingSubViews;
			sourceTree = "<group>";
		};
		4138715B2C8957AA00F83568 /* Chapter_23_BindingPropertyWrapper */ = {
			isa = PBXGroup;
			children = (
				4138715E2C895CED00F83568 /* BindingPropertyWrapperExample.gif */,
				4138715C2C8957CF00F83568 /* BindingPropertyWrapperDemo.swift */,
				413871602C895CF700F83568 /* README.md */,
			);
			path = Chapter_23_BindingPropertyWrapper;
			sourceTree = "<group>";
		};
		413871612C8962BC00F83568 /* Chapter_24_IfElseExample */ = {
			isa = PBXGroup;
			children = (
				413871662C89636200F83568 /* IfElseExample.gif */,
				413871622C8962D100F83568 /* IfElseStateExample.swift */,
				413871682C89636C00F83568 /* README.md */,
			);
			path = Chapter_24_IfElseExample;
			sourceTree = "<group>";
		};
		413871692C89651800F83568 /* Chapter_25_TernaryOperator */ = {
			isa = PBXGroup;
			children = (
				4138716D2C8966AE00F83568 /* TernaryOperatorExample.gif */,
				4138716A2C89653100F83568 /* TernaryOperatorExample.swift */,
				4138716C2C89664600F83568 /* README.md */,
			);
			path = Chapter_25_TernaryOperator;
			sourceTree = "<group>";
		};
		4138716F2C898B4300F83568 /* Chapter_26_Animations */ = {
			isa = PBXGroup;
			children = (
				41E422CE2C89E94E00A22D75 /* AnimationExample_1.mp4 */,
				41E422CF2C89E94E00A22D75 /* AnimationExample_2.mp4 */,
				413871702C898D1200F83568 /* AnimationsExample.swift */,
				413871722C89AA1100F83568 /* AnimationExampleUsingAnimationModifier.swift */,
				41E422D22C89E95A00A22D75 /* README.md */,
			);
			path = Chapter_26_Animations;
			sourceTree = "<group>";
		};
		413CC8692C9055F70077FAB3 /* Chapter_36_TextEditor */ = {
			isa = PBXGroup;
			children = (
				413CC86D2C90BAA30077FAB3 /* TextEditorViewExample.gif */,
				413CC86A2C90561B0077FAB3 /* TextEditorExample.swift */,
				413CC86C2C90BA2C0077FAB3 /* README.md */,
			);
			path = Chapter_36_TextEditor;
			sourceTree = "<group>";
		};
		413CC86F2C90BBE70077FAB3 /* Chapter_37_Toggle */ = {
			isa = PBXGroup;
			children = (
				4117E4602C91B58100E0FC55 /* ToggleExample.gif */,
				413CC8702C90BC000077FAB3 /* ToggleExample.swift */,
				4117E45F2C91B52D00E0FC55 /* README.md */,
			);
			path = Chapter_37_Toggle;
			sourceTree = "<group>";
		};
		4159A88C2C949BC600529BBE /* Chapter_40_Stepper */ = {
			isa = PBXGroup;
			children = (
				4159A8922C95941A00529BBE /* StepperViewExample.gif */,
				4159A88D2C949BDB00529BBE /* StepperExamples.swift */,
				4159A88F2C9590CB00529BBE /* README.md */,
			);
			path = Chapter_40_Stepper;
			sourceTree = "<group>";
		};
		416B57322C7B28AE005CC92D /* Chapter_03 */ = {
			isa = PBXGroup;
			children = (
				416B57382C7B30A9005CC92D /* Color-DarkMode.png */,
				416B57362C7B3088005CC92D /* Color-LightMode.png */,
				416B57332C7B28CC005CC92D /* ColorsDemoView.swift */,
				416B57352C7B2E8B005CC92D /* README.md */,
			);
			path = Chapter_03;
			sourceTree = "<group>";
		};
		416B573A2C7B3451005CC92D /* Chapter_04 */ = {
			isa = PBXGroup;
			children = (
				416B573E2C7B509B005CC92D /* GradientColors.png */,
				416B573B2C7B3EF7005CC92D /* GradientsDemo.swift */,
				416B573D2C7B5057005CC92D /* README.md */,
			);
			path = Chapter_04;
			sourceTree = "<group>";
		};
		416B57402C7B53E7005CC92D /* Chapter_05 */ = {
			isa = PBXGroup;
			children = (
				416B57442C7B5896005CC92D /* SystemIcons.png */,
				416B57412C7B5410005CC92D /* IconDemo.swift */,
				416B57432C7B5873005CC92D /* README.md */,
			);
			path = Chapter_05;
			sourceTree = "<group>";
		};
		416B57462C7B5A9B005CC92D /* Chapter_06 */ = {
			isa = PBXGroup;
			children = (
				416B574A2C7B6478005CC92D /* Images-demo.png */,
				416B57472C7B5AB2005CC92D /* README.md */,
				416B57482C7B5AE3005CC92D /* ImagesDemo.swift */,
			);
			path = Chapter_06;
			sourceTree = "<group>";
		};
		416E05802C7A139700F92CE3 = {
			isa = PBXGroup;
			children = (
				416E058B2C7A139700F92CE3 /* SwiftUI-Bootcamp */,
				416E058A2C7A139700F92CE3 /* Products */,
			);
			sourceTree = "<group>";
		};
		416E058A2C7A139700F92CE3 /* Products */ = {
			isa = PBXGroup;
			children = (
				416E05892C7A139700F92CE3 /* SwiftUI-Bootcamp.app */,
			);
			name = Products;
			sourceTree = "<group>";
		};
		416E058B2C7A139700F92CE3 /* SwiftUI-Bootcamp */ = {
			isa = PBXGroup;
			children = (
				4134E6832C7AFD9A00687CDF /* BeginnerLevel */,
				416E058C2C7A139700F92CE3 /* SwiftUI_BootcampApp.swift */,
				416E058E2C7A139700F92CE3 /* ContentView.swift */,
				416E05902C7A139900F92CE3 /* Assets.xcassets */,
				416E05922C7A139900F92CE3 /* SwiftUI_Bootcamp.entitlements */,
				416E05932C7A139900F92CE3 /* Preview Content */,
			);
			path = "SwiftUI-Bootcamp";
			sourceTree = "<group>";
		};
		416E05932C7A139900F92CE3 /* Preview Content */ = {
			isa = PBXGroup;
			children = (
				416E05942C7A139900F92CE3 /* Preview Assets.xcassets */,
			);
			path = "Preview Content";
			sourceTree = "<group>";
		};
		416FD2AE2C80731A00EAE2BD /* Chapter_10_Stacks */ = {
			isa = PBXGroup;
			children = (
				416FD2B22C808A0400EAE2BD /* StackExample.png */,
				416FD2AF2C80733F00EAE2BD /* StacksExample.swift */,
				416FD2B12C80897C00EAE2BD /* README.md */,
			);
			path = Chapter_10_Stacks;
			sourceTree = "<group>";
		};
		416FD2B42C809B7000EAE2BD /* Chapter_11_Padding */ = {
			isa = PBXGroup;
			children = (
				416FD2B82C80A73100EAE2BD /* PaddingExample.png */,
				416FD2B52C809CDF00EAE2BD /* PaddingExample.swift */,
				416FD2B72C80A6BA00EAE2BD /* README.md */,
			);
			path = Chapter_11_Padding;
			sourceTree = "<group>";
		};
		416FD2BA2C81856000EAE2BD /* Chapter_12_Spacer */ = {
			isa = PBXGroup;
			children = (
				416FD2BD2C818C4B00EAE2BD /* SpacerExample.png */,
				416FD2BB2C81857C00EAE2BD /* SpacerExample.swift */,
				416FD2BF2C818C6200EAE2BD /* README.md */,
			);
			path = Chapter_12_Spacer;
			sourceTree = "<group>";
		};
		416FD2C02C81AE5800EAE2BD /* Chapter_13_InitAndEnums */ = {
			isa = PBXGroup;
			children = (
				416FD2C42C81B24700EAE2BD /* InitAndEnumExample.png */,
				416FD2C12C81AE8400EAE2BD /* InitAndEnumExample.swift */,
				416FD2C32C81B21800EAE2BD /* README.md */,
			);
			path = Chapter_13_InitAndEnums;
			sourceTree = "<group>";
		};
		416FD2C62C81B39300EAE2BD /* Chapter_14_ForEachLoop */ = {
			isa = PBXGroup;
			children = (
				416FD2CA2C81D20000EAE2BD /* forEachLoopExample.png */,
				416FD2C72C81B3E900EAE2BD /* ForEachLoopExample.swift */,
				416FD2C92C81D1DD00EAE2BD /* README.md */,
			);
			path = Chapter_14_ForEachLoop;
			sourceTree = "<group>";
		};
		416FD2CC2C81D50E00EAE2BD /* Chapter_15_ScrollView */ = {
			isa = PBXGroup;
			children = (
				416FD2CF2C81DBB000EAE2BD /* ScrollViewExample.png */,
				416FD2CD2C81D52200EAE2BD /* ScrollViewDemo.swift */,
				416FD2D12C81DBCB00EAE2BD /* README.md */,
			);
			path = Chapter_15_ScrollView;
			sourceTree = "<group>";
		};
		416FD2D22C81FA5200EAE2BD /* Chapter_16_LazyStacks */ = {
			isa = PBXGroup;
			children = (
				416FD2D62C81FF1200EAE2BD /* LazyStackViews.png */,
				416FD2D32C81FA6700EAE2BD /* LazyStacksExample.swift */,
				416FD2D52C81FEF100EAE2BD /* README.md */,
			);
			path = Chapter_16_LazyStacks;
			sourceTree = "<group>";
		};
		416FD2D82C8339E600EAE2BD /* Chapter_17_LazyGrids */ = {
			isa = PBXGroup;
			children = (
				416FD2E22C8354BE00EAE2BD /* LazyGridsViewPinnedHeaderExamples.gif */,
				416FD2DE2C83534E00EAE2BD /* LazyGridsExample_1.png */,
				416FD2D92C833A0700EAE2BD /* LazyGridsExample.swift */,
				416FD2DB2C834E7200EAE2BD /* LazyGridsExample2.swift */,
				416FD2DD2C83526000EAE2BD /* README.md */,
			);
			path = Chapter_17_LazyGrids;
			sourceTree = "<group>";
		};
		416FD2E42C83592F00EAE2BD /* Chapter_18_Grids */ = {
			isa = PBXGroup;
			children = (
				416FD2E82C84A3F800EAE2BD /* GridExample.png */,
				416FD2E52C83594200EAE2BD /* GridExample.swift */,
				416FD2E72C84A3D000EAE2BD /* README.md */,
			);
			path = Chapter_18_Grids;
			sourceTree = "<group>";
		};
		41845C0C2C8B628600D31C16 /* Chapter_27_AnimationCurves */ = {
			isa = PBXGroup;
			children = (
				41845C102C8B682300D31C16 /* AnimationCurveAnimation.mp4 */,
				41845C0D2C8B62A100D31C16 /* AnimationCurvesExample.swift */,
				41845C0F2C8B679E00D31C16 /* README.md */,
			);
			path = Chapter_27_AnimationCurves;
			sourceTree = "<group>";
		};
		41845C122C8C597700D31C16 /* Chapter_28_TransitionExamples */ = {
			isa = PBXGroup;
			children = (
				41845C152C8C605900D31C16 /* TransitionsExamples.gif */,
				41845C132C8C59C700D31C16 /* TransitionExamples.swift */,
				41845C172C8C606500D31C16 /* README.md */,
			);
			path = Chapter_28_TransitionExamples;
			sourceTree = "<group>";
		};
		41845C182C8C685D00D31C16 /* Chapter_29_SheetsAndFullscreenCover */ = {
			isa = PBXGroup;
			children = (
				41845C202C8C775400D31C16 /* FullScreenPresentationExample.gif */,
				41845C1C2C8C72B000D31C16 /* SheetPresentation.gif */,
				41845C192C8C688600D31C16 /* SheetsAndFullscreenCoverExample.swift */,
				41845C1F2C8C72D200D31C16 /* README.md */,
			);
			path = Chapter_29_SheetsAndFullscreenCover;
			sourceTree = "<group>";
		};
		41845C222C8C9BF100D31C16 /* Chapter_30_NavigationViewExample */ = {
			isa = PBXGroup;
			children = (
				41845C282C8CA6A000D31C16 /* NavigationViewExample.mp4 */,
				41845C262C8CA69400D31C16 /* NavigationViewExample.gif */,
				41845C232C8C9C4900D31C16 /* NavigationViewExample.swift */,
				41845C252C8C9C5900D31C16 /* README.md */,
			);
			path = Chapter_30_NavigationViewExample;
			sourceTree = "<group>";
		};
		41AFF7F12C80373900D9E9BE /* Chapter_08 */ = {
			isa = PBXGroup;
			children = (
				412B454E2C8057D400A12D17 /* BackgroundOverlayModifiers.png */,
				41AFF7F22C80375800D9E9BE /* BackgroundOverlayModifiers.swift */,
				412B454D2C80579400A12D17 /* README.md */,
			);
			path = Chapter_08;
			sourceTree = "<group>";
		};
		41C9B4D62C7E2390004D6886 /* Chapter_07 */ = {
			isa = PBXGroup;
			children = (
				41C9B4D72C7E23A3004D6886 /* FrameDemo.swift */,
				41C9B4D92C7E2779004D6886 /* README.md */,
				41C9B4DA2C7E2794004D6886 /* FrameDemo.png */,
			);
			path = Chapter_07;
			sourceTree = "<group>";
		};
		41F807CC2C9332A8007A867B /* Chapter_38_Picker */ = {
			isa = PBXGroup;
			children = (
				41F807D02C93596D007A867B /* PickerExamples.gif */,
				41F807CD2C933304007A867B /* PickerExamples.swift */,
				41F807CF2C93592C007A867B /* README.md */,
			);
			path = Chapter_38_Picker;
			sourceTree = "<group>";
		};
		41F807D22C936020007A867B /* Chapter_39_DatePicker */ = {
			isa = PBXGroup;
			children = (
				41F807D62C9405E5007A867B /* DatePickerExample.gif */,
				41F807D32C93603A007A867B /* DatePickerExample.swift */,
				41F807D52C940596007A867B /* README.md */,
			);
			path = Chapter_39_DatePicker;
			sourceTree = "<group>";
		};
		41FB30432C86047400AF5B9C /* Chapter_19_ignoreSafeArea */ = {
			isa = PBXGroup;
			children = (
				41FB30462C8617F200AF5B9C /* DefaultBehaviour-WithSafeAreaInsets.gif */,
				41FB30472C8617F200AF5B9C /* IgnoringSafeArea.gif */,
				41FB30442C86049E00AF5B9C /* IgnoreSafeAreaExample.swift */,
				41FB304A2C8617FF00AF5B9C /* README.md */,
			);
			path = Chapter_19_ignoreSafeArea;
			sourceTree = "<group>";
		};
/* End PBXGroup section */

/* Begin PBXNativeTarget section */
		416E05882C7A139700F92CE3 /* SwiftUI-Bootcamp */ = {
			isa = PBXNativeTarget;
			buildConfigurationList = 416E05982C7A139900F92CE3 /* Build configuration list for PBXNativeTarget "SwiftUI-Bootcamp" */;
			buildPhases = (
				416E05852C7A139700F92CE3 /* Sources */,
				416E05862C7A139700F92CE3 /* Frameworks */,
				416E05872C7A139700F92CE3 /* Resources */,
			);
			buildRules = (
			);
			dependencies = (
			);
			name = "SwiftUI-Bootcamp";
			productName = "SwiftUI-Bootcamp";
			productReference = 416E05892C7A139700F92CE3 /* SwiftUI-Bootcamp.app */;
			productType = "com.apple.product-type.application";
		};
/* End PBXNativeTarget section */

/* Begin PBXProject section */
		416E05812C7A139700F92CE3 /* Project object */ = {
			isa = PBXProject;
			attributes = {
				BuildIndependentTargetsInParallel = 1;
				LastSwiftUpdateCheck = 1520;
				LastUpgradeCheck = 1520;
				TargetAttributes = {
					416E05882C7A139700F92CE3 = {
						CreatedOnToolsVersion = 15.2;
					};
				};
			};
			buildConfigurationList = 416E05842C7A139700F92CE3 /* Build configuration list for PBXProject "SwiftUI-Bootcamp" */;
			compatibilityVersion = "Xcode 14.0";
			developmentRegion = en;
			hasScannedForEncodings = 0;
			knownRegions = (
				en,
				Base,
			);
			mainGroup = 416E05802C7A139700F92CE3;
			productRefGroup = 416E058A2C7A139700F92CE3 /* Products */;
			projectDirPath = "";
			projectRoot = "";
			targets = (
				416E05882C7A139700F92CE3 /* SwiftUI-Bootcamp */,
			);
		};
/* End PBXProject section */

/* Begin PBXResourcesBuildPhase section */
		416E05872C7A139700F92CE3 /* Resources */ = {
			isa = PBXResourcesBuildPhase;
			buildActionMask = 2147483647;
			files = (
				41845C212C8C775400D31C16 /* FullScreenPresentationExample.gif in Resources */,
				41845C112C8B682300D31C16 /* AnimationCurveAnimation.mp4 in Resources */,
				416FD2B32C808A0400EAE2BD /* StackExample.png in Resources */,
				413871592C89553400F83568 /* ExtractingSubviewsExample.png in Resources */,
				410C565A2C8DB46300E91A0B /* ActionSheetsExample.mp4 in Resources */,
				412B45552C8060DF00A12D17 /* ShadowExample.png in Resources */,
				4128398F2C8773BF00FAD373 /* ButtonExample.png in Resources */,
				41F807D72C9405E5007A867B /* DatePickerExample.gif in Resources */,
				416FD2CB2C81D20000EAE2BD /* forEachLoopExample.png in Resources */,
				416FD2E32C8354BE00EAE2BD /* LazyGridsViewPinnedHeaderExamples.gif in Resources */,
				413CC86E2C90BAA30077FAB3 /* TextEditorViewExample.gif in Resources */,
				416FD2D02C81DBB000EAE2BD /* ScrollViewExample.png in Resources */,
				41C9B4DB2C7E2794004D6886 /* FrameDemo.png in Resources */,
				416FD2BE2C818C4B00EAE2BD /* SpacerExample.png in Resources */,
				416E05952C7A139900F92CE3 /* Preview Assets.xcassets in Resources */,
				41F807D12C93596E007A867B /* PickerExamples.gif in Resources */,
				4159A8932C95941A00529BBE /* StepperViewExample.gif in Resources */,
				41E422D12C89E94E00A22D75 /* AnimationExample_2.mp4 in Resources */,
				416FD2C52C81B24700EAE2BD /* InitAndEnumExample.png in Resources */,
				416FD2B92C80A73100EAE2BD /* PaddingExample.png in Resources */,
				416B57452C7B5896005CC92D /* SystemIcons.png in Resources */,
				416B574B2C7B6478005CC92D /* Images-demo.png in Resources */,
				413871672C89636200F83568 /* IfElseExample.gif in Resources */,
				416FD2D72C81FF1200EAE2BD /* LazyStackViews.png in Resources */,
				416FD2E02C83534E00EAE2BD /* LazyGridsExample_1.png in Resources */,
				410C56622C8DDC7400E91A0B /* ContextMenuExample.gif in Resources */,
				4138715F2C895CED00F83568 /* BindingPropertyWrapperExample.gif in Resources */,
				412B454F2C8057D400A12D17 /* BackgroundOverlayModifiers.png in Resources */,
				416E05912C7A139900F92CE3 /* Assets.xcassets in Resources */,
				416FD2E92C84A3F800EAE2BD /* GridExample.png in Resources */,
				410C565D2C8DB4D300E91A0B /* ActionSheet.png in Resources */,
				41FB30492C8617F200AF5B9C /* IgnoringSafeArea.gif in Resources */,
				410C564E2C8D684200E91A0B /* ListExample.mov in Resources */,
				41845C162C8C605A00D31C16 /* TransitionsExamples.gif in Resources */,
				416B573F2C7B509B005CC92D /* GradientColors.png in Resources */,
				410C56682C8E0D4900E91A0B /* TextFieldExample.gif in Resources */,
				4138716E2C8966AE00F83568 /* TernaryOperatorExample.gif in Resources */,
				416B57372C7B3088005CC92D /* Color-LightMode.png in Resources */,
				416B57392C7B30A9005CC92D /* Color-DarkMode.png in Resources */,
				41845C1E2C8C72B000D31C16 /* SheetPresentation.gif in Resources */,
				413871532C88BCDC00F83568 /* StatePropertyWrapperExample.gif in Resources */,
				410C56542C8D83DC00E91A0B /* AlertExamples.mp4 in Resources */,
				4117E4612C91B58100E0FC55 /* ToggleExample.gif in Resources */,
				41845C272C8CA69400D31C16 /* NavigationViewExample.gif in Resources */,
				41FB30482C8617F200AF5B9C /* DefaultBehaviour-WithSafeAreaInsets.gif in Resources */,
				41E422D02C89E94E00A22D75 /* AnimationExample_1.mp4 in Resources */,
				41845C292C8CA6A000D31C16 /* NavigationViewExample.mp4 in Resources */,
			);
			runOnlyForDeploymentPostprocessing = 0;
		};
/* End PBXResourcesBuildPhase section */

/* Begin PBXSourcesBuildPhase section */
		416E05852C7A139700F92CE3 /* Sources */ = {
			isa = PBXSourcesBuildPhase;
			buildActionMask = 2147483647;
			files = (
				410C564C2C8D4CD000E91A0B /* ListExamples.swift in Sources */,
				4159A88E2C949BDB00529BBE /* StepperExamples.swift in Sources */,
				412B45532C805D4700A12D17 /* ShadowExample.swift in Sources */,
				41F807D42C93603A007A867B /* DatePickerExample.swift in Sources */,
				410C56602C8DD5F100E91A0B /* ContextMenuExample.swift in Sources */,
				413871732C89AA1100F83568 /* AnimationExampleUsingAnimationModifier.swift in Sources */,
				416FD2D42C81FA6700EAE2BD /* LazyStacksExample.swift in Sources */,
				416FD2DC2C834E7200EAE2BD /* LazyGridsExample2.swift in Sources */,
				4134E6892C7B10E700687CDF /* CustomCircleShape.swift in Sources */,
				413871632C8962D100F83568 /* IfElseStateExample.swift in Sources */,
				41845C242C8C9C4900D31C16 /* NavigationViewExample.swift in Sources */,
				416FD2CE2C81D52200EAE2BD /* ScrollViewDemo.swift in Sources */,
				416FD2B62C809CDF00EAE2BD /* PaddingExample.swift in Sources */,
				413871512C88B88000F83568 /* StatePropertyWrapperExample.swift in Sources */,
				4138716B2C89653100F83568 /* TernaryOperatorExample.swift in Sources */,
				416FD2E62C83594200EAE2BD /* GridExample.swift in Sources */,
				41F807CE2C933304007A867B /* PickerExamples.swift in Sources */,
				416B57342C7B28CC005CC92D /* ColorsDemoView.swift in Sources */,
				416E058F2C7A139700F92CE3 /* ContentView.swift in Sources */,
				4134E68F2C7B240F00687CDF /* CustomCapsuleShape.swift in Sources */,
				416B573C2C7B3EF7005CC92D /* GradientsDemo.swift in Sources */,
				416B57492C7B5AE3005CC92D /* ImagesDemo.swift in Sources */,
				4134E68D2C7B22C000687CDF /* CustomRectangleShape.swift in Sources */,
				410C56662C8DFF0600E91A0B /* TextFieldExamples.swift in Sources */,
				416E058D2C7A139700F92CE3 /* SwiftUI_BootcampApp.swift in Sources */,
				413871712C898D1200F83568 /* AnimationsExample.swift in Sources */,
				413871572C894AE700F83568 /* ExtractingSubviewsExample.swift in Sources */,
				410C56522C8D787F00E91A0B /* AlertsExample.swift in Sources */,
				416B57422C7B5410005CC92D /* IconDemo.swift in Sources */,
				41845C1A2C8C688600D31C16 /* SheetsAndFullscreenCoverExample.swift in Sources */,
				41845C0E2C8B62A100D31C16 /* AnimationCurvesExample.swift in Sources */,
				413CC86B2C90561B0077FAB3 /* TextEditorExample.swift in Sources */,
				410C56582C8D99E600E91A0B /* ActionsSheetExample.swift in Sources */,
				416FD2BC2C81857C00EAE2BD /* SpacerExample.swift in Sources */,
				4134E6862C7AFE4D00687CDF /* CustomTextView.swift in Sources */,
				413CC8712C90BC000077FAB3 /* ToggleExample.swift in Sources */,
				41FB30452C86049E00AF5B9C /* IgnoreSafeAreaExample.swift in Sources */,
				41C9B4D82C7E23A3004D6886 /* FrameDemo.swift in Sources */,
				416FD2C82C81B3E900EAE2BD /* ForEachLoopExample.swift in Sources */,
				4134E68B2C7B1D1700687CDF /* CustomEllipseShape.swift in Sources */,
				416FD2DA2C833A0700EAE2BD /* LazyGridsExample.swift in Sources */,
				41845C142C8C59C700D31C16 /* TransitionExamples.swift in Sources */,
				4138715D2C8957CF00F83568 /* BindingPropertyWrapperDemo.swift in Sources */,
				4128398A2C87618E00FAD373 /* ButtonsExample.swift in Sources */,
				416FD2C22C81AE8400EAE2BD /* InitAndEnumExample.swift in Sources */,
				41AFF7F32C80375800D9E9BE /* BackgroundOverlayModifiers.swift in Sources */,
				416FD2B02C80733F00EAE2BD /* StacksExample.swift in Sources */,
			);
			runOnlyForDeploymentPostprocessing = 0;
		};
/* End PBXSourcesBuildPhase section */

/* Begin XCBuildConfiguration section */
		416E05962C7A139900F92CE3 /* Debug */ = {
			isa = XCBuildConfiguration;
			buildSettings = {
				ALWAYS_SEARCH_USER_PATHS = NO;
				ASSETCATALOG_COMPILER_GENERATE_SWIFT_ASSET_SYMBOL_EXTENSIONS = YES;
				CLANG_ANALYZER_NONNULL = YES;
				CLANG_ANALYZER_NUMBER_OBJECT_CONVERSION = YES_AGGRESSIVE;
				CLANG_CXX_LANGUAGE_STANDARD = "gnu++20";
				CLANG_ENABLE_MODULES = YES;
				CLANG_ENABLE_OBJC_ARC = YES;
				CLANG_ENABLE_OBJC_WEAK = YES;
				CLANG_WARN_BLOCK_CAPTURE_AUTORELEASING = YES;
				CLANG_WARN_BOOL_CONVERSION = YES;
				CLANG_WARN_COMMA = YES;
				CLANG_WARN_CONSTANT_CONVERSION = YES;
				CLANG_WARN_DEPRECATED_OBJC_IMPLEMENTATIONS = YES;
				CLANG_WARN_DIRECT_OBJC_ISA_USAGE = YES_ERROR;
				CLANG_WARN_DOCUMENTATION_COMMENTS = YES;
				CLANG_WARN_EMPTY_BODY = YES;
				CLANG_WARN_ENUM_CONVERSION = YES;
				CLANG_WARN_INFINITE_RECURSION = YES;
				CLANG_WARN_INT_CONVERSION = YES;
				CLANG_WARN_NON_LITERAL_NULL_CONVERSION = YES;
				CLANG_WARN_OBJC_IMPLICIT_RETAIN_SELF = YES;
				CLANG_WARN_OBJC_LITERAL_CONVERSION = YES;
				CLANG_WARN_OBJC_ROOT_CLASS = YES_ERROR;
				CLANG_WARN_QUOTED_INCLUDE_IN_FRAMEWORK_HEADER = YES;
				CLANG_WARN_RANGE_LOOP_ANALYSIS = YES;
				CLANG_WARN_STRICT_PROTOTYPES = YES;
				CLANG_WARN_SUSPICIOUS_MOVE = YES;
				CLANG_WARN_UNGUARDED_AVAILABILITY = YES_AGGRESSIVE;
				CLANG_WARN_UNREACHABLE_CODE = YES;
				CLANG_WARN__DUPLICATE_METHOD_MATCH = YES;
				COPY_PHASE_STRIP = NO;
				DEBUG_INFORMATION_FORMAT = dwarf;
				ENABLE_STRICT_OBJC_MSGSEND = YES;
				ENABLE_TESTABILITY = YES;
				ENABLE_USER_SCRIPT_SANDBOXING = YES;
				GCC_C_LANGUAGE_STANDARD = gnu17;
				GCC_DYNAMIC_NO_PIC = NO;
				GCC_NO_COMMON_BLOCKS = YES;
				GCC_OPTIMIZATION_LEVEL = 0;
				GCC_PREPROCESSOR_DEFINITIONS = (
					"DEBUG=1",
					"$(inherited)",
				);
				GCC_WARN_64_TO_32_BIT_CONVERSION = YES;
				GCC_WARN_ABOUT_RETURN_TYPE = YES_ERROR;
				GCC_WARN_UNDECLARED_SELECTOR = YES;
				GCC_WARN_UNINITIALIZED_AUTOS = YES_AGGRESSIVE;
				GCC_WARN_UNUSED_FUNCTION = YES;
				GCC_WARN_UNUSED_VARIABLE = YES;
				LOCALIZATION_PREFERS_STRING_CATALOGS = YES;
				MTL_ENABLE_DEBUG_INFO = INCLUDE_SOURCE;
				MTL_FAST_MATH = YES;
				ONLY_ACTIVE_ARCH = YES;
				SWIFT_ACTIVE_COMPILATION_CONDITIONS = "DEBUG $(inherited)";
				SWIFT_OPTIMIZATION_LEVEL = "-Onone";
			};
			name = Debug;
		};
		416E05972C7A139900F92CE3 /* Release */ = {
			isa = XCBuildConfiguration;
			buildSettings = {
				ALWAYS_SEARCH_USER_PATHS = NO;
				ASSETCATALOG_COMPILER_GENERATE_SWIFT_ASSET_SYMBOL_EXTENSIONS = YES;
				CLANG_ANALYZER_NONNULL = YES;
				CLANG_ANALYZER_NUMBER_OBJECT_CONVERSION = YES_AGGRESSIVE;
				CLANG_CXX_LANGUAGE_STANDARD = "gnu++20";
				CLANG_ENABLE_MODULES = YES;
				CLANG_ENABLE_OBJC_ARC = YES;
				CLANG_ENABLE_OBJC_WEAK = YES;
				CLANG_WARN_BLOCK_CAPTURE_AUTORELEASING = YES;
				CLANG_WARN_BOOL_CONVERSION = YES;
				CLANG_WARN_COMMA = YES;
				CLANG_WARN_CONSTANT_CONVERSION = YES;
				CLANG_WARN_DEPRECATED_OBJC_IMPLEMENTATIONS = YES;
				CLANG_WARN_DIRECT_OBJC_ISA_USAGE = YES_ERROR;
				CLANG_WARN_DOCUMENTATION_COMMENTS = YES;
				CLANG_WARN_EMPTY_BODY = YES;
				CLANG_WARN_ENUM_CONVERSION = YES;
				CLANG_WARN_INFINITE_RECURSION = YES;
				CLANG_WARN_INT_CONVERSION = YES;
				CLANG_WARN_NON_LITERAL_NULL_CONVERSION = YES;
				CLANG_WARN_OBJC_IMPLICIT_RETAIN_SELF = YES;
				CLANG_WARN_OBJC_LITERAL_CONVERSION = YES;
				CLANG_WARN_OBJC_ROOT_CLASS = YES_ERROR;
				CLANG_WARN_QUOTED_INCLUDE_IN_FRAMEWORK_HEADER = YES;
				CLANG_WARN_RANGE_LOOP_ANALYSIS = YES;
				CLANG_WARN_STRICT_PROTOTYPES = YES;
				CLANG_WARN_SUSPICIOUS_MOVE = YES;
				CLANG_WARN_UNGUARDED_AVAILABILITY = YES_AGGRESSIVE;
				CLANG_WARN_UNREACHABLE_CODE = YES;
				CLANG_WARN__DUPLICATE_METHOD_MATCH = YES;
				COPY_PHASE_STRIP = NO;
				DEBUG_INFORMATION_FORMAT = "dwarf-with-dsym";
				ENABLE_NS_ASSERTIONS = NO;
				ENABLE_STRICT_OBJC_MSGSEND = YES;
				ENABLE_USER_SCRIPT_SANDBOXING = YES;
				GCC_C_LANGUAGE_STANDARD = gnu17;
				GCC_NO_COMMON_BLOCKS = YES;
				GCC_WARN_64_TO_32_BIT_CONVERSION = YES;
				GCC_WARN_ABOUT_RETURN_TYPE = YES_ERROR;
				GCC_WARN_UNDECLARED_SELECTOR = YES;
				GCC_WARN_UNINITIALIZED_AUTOS = YES_AGGRESSIVE;
				GCC_WARN_UNUSED_FUNCTION = YES;
				GCC_WARN_UNUSED_VARIABLE = YES;
				LOCALIZATION_PREFERS_STRING_CATALOGS = YES;
				MTL_ENABLE_DEBUG_INFO = NO;
				MTL_FAST_MATH = YES;
				SWIFT_COMPILATION_MODE = wholemodule;
			};
			name = Release;
		};
		416E05992C7A139900F92CE3 /* Debug */ = {
			isa = XCBuildConfiguration;
			buildSettings = {
				ASSETCATALOG_COMPILER_APPICON_NAME = AppIcon;
				ASSETCATALOG_COMPILER_GLOBAL_ACCENT_COLOR_NAME = AccentColor;
				CODE_SIGN_ENTITLEMENTS = "SwiftUI-Bootcamp/SwiftUI_Bootcamp.entitlements";
				CODE_SIGN_STYLE = Automatic;
				CURRENT_PROJECT_VERSION = 1;
				DEVELOPMENT_ASSET_PATHS = "\"SwiftUI-Bootcamp/Preview Content\"";
				DEVELOPMENT_TEAM = FD8PNH493T;
				ENABLE_HARDENED_RUNTIME = YES;
				ENABLE_PREVIEWS = YES;
				GENERATE_INFOPLIST_FILE = YES;
				INFOPLIST_KEY_CFBundleDisplayName = "Learn SwiftUI";
				INFOPLIST_KEY_LSApplicationCategoryType = "public.app-category.education";
				"INFOPLIST_KEY_UIApplicationSceneManifest_Generation[sdk=iphoneos*]" = YES;
				"INFOPLIST_KEY_UIApplicationSceneManifest_Generation[sdk=iphonesimulator*]" = YES;
				"INFOPLIST_KEY_UIApplicationSupportsIndirectInputEvents[sdk=iphoneos*]" = YES;
				"INFOPLIST_KEY_UIApplicationSupportsIndirectInputEvents[sdk=iphonesimulator*]" = YES;
				"INFOPLIST_KEY_UILaunchScreen_Generation[sdk=iphoneos*]" = YES;
				"INFOPLIST_KEY_UILaunchScreen_Generation[sdk=iphonesimulator*]" = YES;
				"INFOPLIST_KEY_UIStatusBarStyle[sdk=iphoneos*]" = UIStatusBarStyleDefault;
				"INFOPLIST_KEY_UIStatusBarStyle[sdk=iphonesimulator*]" = UIStatusBarStyleDefault;
				INFOPLIST_KEY_UISupportedInterfaceOrientations_iPad = "UIInterfaceOrientationPortrait UIInterfaceOrientationPortraitUpsideDown UIInterfaceOrientationLandscapeLeft UIInterfaceOrientationLandscapeRight";
				INFOPLIST_KEY_UISupportedInterfaceOrientations_iPhone = "UIInterfaceOrientationPortrait UIInterfaceOrientationLandscapeLeft UIInterfaceOrientationLandscapeRight";
				IPHONEOS_DEPLOYMENT_TARGET = 17.2;
				LD_RUNPATH_SEARCH_PATHS = "@executable_path/Frameworks";
				"LD_RUNPATH_SEARCH_PATHS[sdk=macosx*]" = "@executable_path/../Frameworks";
				MACOSX_DEPLOYMENT_TARGET = 14.2;
				MARKETING_VERSION = 1.0;
				PRODUCT_BUNDLE_IDENTIFIER = "com.mulgir-govind.SwiftUI-Bootcamp";
				PRODUCT_NAME = "$(TARGET_NAME)";
				SDKROOT = auto;
				SUPPORTED_PLATFORMS = "iphoneos iphonesimulator macosx";
				SWIFT_EMIT_LOC_STRINGS = YES;
				SWIFT_VERSION = 5.0;
				TARGETED_DEVICE_FAMILY = "1,2";
			};
			name = Debug;
		};
		416E059A2C7A139900F92CE3 /* Release */ = {
			isa = XCBuildConfiguration;
			buildSettings = {
				ASSETCATALOG_COMPILER_APPICON_NAME = AppIcon;
				ASSETCATALOG_COMPILER_GLOBAL_ACCENT_COLOR_NAME = AccentColor;
				CODE_SIGN_ENTITLEMENTS = "SwiftUI-Bootcamp/SwiftUI_Bootcamp.entitlements";
				CODE_SIGN_STYLE = Automatic;
				CURRENT_PROJECT_VERSION = 1;
				DEVELOPMENT_ASSET_PATHS = "\"SwiftUI-Bootcamp/Preview Content\"";
				DEVELOPMENT_TEAM = FD8PNH493T;
				ENABLE_HARDENED_RUNTIME = YES;
				ENABLE_PREVIEWS = YES;
				GENERATE_INFOPLIST_FILE = YES;
				INFOPLIST_KEY_CFBundleDisplayName = "Learn SwiftUI";
				INFOPLIST_KEY_LSApplicationCategoryType = "public.app-category.education";
				"INFOPLIST_KEY_UIApplicationSceneManifest_Generation[sdk=iphoneos*]" = YES;
				"INFOPLIST_KEY_UIApplicationSceneManifest_Generation[sdk=iphonesimulator*]" = YES;
				"INFOPLIST_KEY_UIApplicationSupportsIndirectInputEvents[sdk=iphoneos*]" = YES;
				"INFOPLIST_KEY_UIApplicationSupportsIndirectInputEvents[sdk=iphonesimulator*]" = YES;
				"INFOPLIST_KEY_UILaunchScreen_Generation[sdk=iphoneos*]" = YES;
				"INFOPLIST_KEY_UILaunchScreen_Generation[sdk=iphonesimulator*]" = YES;
				"INFOPLIST_KEY_UIStatusBarStyle[sdk=iphoneos*]" = UIStatusBarStyleDefault;
				"INFOPLIST_KEY_UIStatusBarStyle[sdk=iphonesimulator*]" = UIStatusBarStyleDefault;
				INFOPLIST_KEY_UISupportedInterfaceOrientations_iPad = "UIInterfaceOrientationPortrait UIInterfaceOrientationPortraitUpsideDown UIInterfaceOrientationLandscapeLeft UIInterfaceOrientationLandscapeRight";
				INFOPLIST_KEY_UISupportedInterfaceOrientations_iPhone = "UIInterfaceOrientationPortrait UIInterfaceOrientationLandscapeLeft UIInterfaceOrientationLandscapeRight";
				IPHONEOS_DEPLOYMENT_TARGET = 17.2;
				LD_RUNPATH_SEARCH_PATHS = "@executable_path/Frameworks";
				"LD_RUNPATH_SEARCH_PATHS[sdk=macosx*]" = "@executable_path/../Frameworks";
				MACOSX_DEPLOYMENT_TARGET = 14.2;
				MARKETING_VERSION = 1.0;
				PRODUCT_BUNDLE_IDENTIFIER = "com.mulgir-govind.SwiftUI-Bootcamp";
				PRODUCT_NAME = "$(TARGET_NAME)";
				SDKROOT = auto;
				SUPPORTED_PLATFORMS = "iphoneos iphonesimulator macosx";
				SWIFT_EMIT_LOC_STRINGS = YES;
				SWIFT_VERSION = 5.0;
				TARGETED_DEVICE_FAMILY = "1,2";
			};
			name = Release;
		};
/* End XCBuildConfiguration section */

/* Begin XCConfigurationList section */
		416E05842C7A139700F92CE3 /* Build configuration list for PBXProject "SwiftUI-Bootcamp" */ = {
			isa = XCConfigurationList;
			buildConfigurations = (
				416E05962C7A139900F92CE3 /* Debug */,
				416E05972C7A139900F92CE3 /* Release */,
			);
			defaultConfigurationIsVisible = 0;
			defaultConfigurationName = Release;
		};
		416E05982C7A139900F92CE3 /* Build configuration list for PBXNativeTarget "SwiftUI-Bootcamp" */ = {
			isa = XCConfigurationList;
			buildConfigurations = (
				416E05992C7A139900F92CE3 /* Debug */,
				416E059A2C7A139900F92CE3 /* Release */,
			);
			defaultConfigurationIsVisible = 0;
			defaultConfigurationName = Release;
		};
/* End XCConfigurationList section */
	};
	rootObject = 416E05812C7A139700F92CE3 /* Project object */;
}
